// !$*UTF8*$!
{
	archiveVersion = 1;
	classes = {
	};
	objectVersion = 50;
	objects = {

/* Begin PBXBuildFile section */
		5BDB7AAA26D7A82600F78B94 /* AppDelegate.swift in Sources */ = {isa = PBXBuildFile; fileRef = 5BDB7AA926D7A82600F78B94 /* AppDelegate.swift */; };
		5BDB7AB126D7A82600F78B94 /* Main.storyboard in Resources */ = {isa = PBXBuildFile; fileRef = 5BDB7AAF26D7A82600F78B94 /* Main.storyboard */; };
		5BDB7AB326D7A82A00F78B94 /* Assets.xcassets in Resources */ = {isa = PBXBuildFile; fileRef = 5BDB7AB226D7A82A00F78B94 /* Assets.xcassets */; };
		5BDB7AB626D7A82A00F78B94 /* LaunchScreen.storyboard in Resources */ = {isa = PBXBuildFile; fileRef = 5BDB7AB426D7A82A00F78B94 /* LaunchScreen.storyboard */; };
		5BDB7AC026D7BA8700F78B94 /* GIFsFeedViewController.swift in Sources */ = {isa = PBXBuildFile; fileRef = 5BDB7ABF26D7BA8700F78B94 /* GIFsFeedViewController.swift */; };
		5BDB7AC426D7BDCC00F78B94 /* UISearchBar+TextFieldColor.swift in Sources */ = {isa = PBXBuildFile; fileRef = 5BDB7AC326D7BDCC00F78B94 /* UISearchBar+TextFieldColor.swift */; };
		5BDB7AC626D7BE4300F78B94 /* UIColor+Theme.swift in Sources */ = {isa = PBXBuildFile; fileRef = 5BDB7AC526D7BE4300F78B94 /* UIColor+Theme.swift */; };
		5BDB7AC826D7C1E000F78B94 /* GIFsFeedViewController+SearchBarDelegate.swift in Sources */ = {isa = PBXBuildFile; fileRef = 5BDB7AC726D7C1E000F78B94 /* GIFsFeedViewController+SearchBarDelegate.swift */; };
		5BDB7ACB26D7CE7700F78B94 /* FavouritesGIFsViewController.swift in Sources */ = {isa = PBXBuildFile; fileRef = 5BDB7ACA26D7CE7700F78B94 /* FavouritesGIFsViewController.swift */; };
		5BDB7ACD26D7D18A00F78B94 /* FavouritesGIFsViewController+CollectionViewDataSource.swift in Sources */ = {isa = PBXBuildFile; fileRef = 5BDB7ACC26D7D18A00F78B94 /* FavouritesGIFsViewController+CollectionViewDataSource.swift */; };
/* End PBXBuildFile section */

/* Begin PBXFileReference section */
		5BDB7AA626D7A82600F78B94 /* iGiphy.app */ = {isa = PBXFileReference; explicitFileType = wrapper.application; includeInIndex = 0; path = iGiphy.app; sourceTree = BUILT_PRODUCTS_DIR; };
		5BDB7AA926D7A82600F78B94 /* AppDelegate.swift */ = {isa = PBXFileReference; lastKnownFileType = sourcecode.swift; path = AppDelegate.swift; sourceTree = "<group>"; };
		5BDB7AB026D7A82600F78B94 /* Base */ = {isa = PBXFileReference; lastKnownFileType = file.storyboard; name = Base; path = Base.lproj/Main.storyboard; sourceTree = "<group>"; };
		5BDB7AB226D7A82A00F78B94 /* Assets.xcassets */ = {isa = PBXFileReference; lastKnownFileType = folder.assetcatalog; path = Assets.xcassets; sourceTree = "<group>"; };
		5BDB7AB526D7A82A00F78B94 /* Base */ = {isa = PBXFileReference; lastKnownFileType = file.storyboard; name = Base; path = Base.lproj/LaunchScreen.storyboard; sourceTree = "<group>"; };
		5BDB7AB726D7A82A00F78B94 /* Info.plist */ = {isa = PBXFileReference; lastKnownFileType = text.plist.xml; path = Info.plist; sourceTree = "<group>"; };
		5BDB7ABF26D7BA8700F78B94 /* GIFsFeedViewController.swift */ = {isa = PBXFileReference; lastKnownFileType = sourcecode.swift; path = GIFsFeedViewController.swift; sourceTree = "<group>"; };
		5BDB7AC326D7BDCC00F78B94 /* UISearchBar+TextFieldColor.swift */ = {isa = PBXFileReference; fileEncoding = 4; lastKnownFileType = sourcecode.swift; path = "UISearchBar+TextFieldColor.swift"; sourceTree = "<group>"; };
		5BDB7AC526D7BE4300F78B94 /* UIColor+Theme.swift */ = {isa = PBXFileReference; fileEncoding = 4; lastKnownFileType = sourcecode.swift; path = "UIColor+Theme.swift"; sourceTree = "<group>"; };
		5BDB7AC726D7C1E000F78B94 /* GIFsFeedViewController+SearchBarDelegate.swift */ = {isa = PBXFileReference; lastKnownFileType = sourcecode.swift; path = "GIFsFeedViewController+SearchBarDelegate.swift"; sourceTree = "<group>"; };
		5BDB7ACA26D7CE7700F78B94 /* FavouritesGIFsViewController.swift */ = {isa = PBXFileReference; lastKnownFileType = sourcecode.swift; path = FavouritesGIFsViewController.swift; sourceTree = "<group>"; };
		5BDB7ACC26D7D18A00F78B94 /* FavouritesGIFsViewController+CollectionViewDataSource.swift */ = {isa = PBXFileReference; lastKnownFileType = sourcecode.swift; path = "FavouritesGIFsViewController+CollectionViewDataSource.swift"; sourceTree = "<group>"; };
/* End PBXFileReference section */

/* Begin PBXFrameworksBuildPhase section */
		5BDB7AA326D7A82600F78B94 /* Frameworks */ = {
			isa = PBXFrameworksBuildPhase;
			buildActionMask = 2147483647;
			files = (
			);
			runOnlyForDeploymentPostprocessing = 0;
		};
/* End PBXFrameworksBuildPhase section */

/* Begin PBXGroup section */
		5BDB7A9D26D7A82600F78B94 = {
			isa = PBXGroup;
			children = (
				5BDB7AA826D7A82600F78B94 /* iGiphy */,
				5BDB7AA726D7A82600F78B94 /* Products */,
			);
			sourceTree = "<group>";
		};
		5BDB7AA726D7A82600F78B94 /* Products */ = {
			isa = PBXGroup;
			children = (
				5BDB7AA626D7A82600F78B94 /* iGiphy.app */,
			);
			name = Products;
			sourceTree = "<group>";
		};
		5BDB7AA826D7A82600F78B94 /* iGiphy */ = {
			isa = PBXGroup;
			children = (
				5BDB7AC226D7BDB700F78B94 /* Extensions */,
				5BDB7ABE26D7BA3D00F78B94 /* View Controllers */,
				5BDB7AC126D7BB3D00F78B94 /* Views */,
				5BDB7AA926D7A82600F78B94 /* AppDelegate.swift */,
				5BDB7AB226D7A82A00F78B94 /* Assets.xcassets */,
				5BDB7AB726D7A82A00F78B94 /* Info.plist */,
			);
			path = iGiphy;
			sourceTree = "<group>";
		};
		5BDB7ABD26D7BA1B00F78B94 /* GIFs Feed View Controller */ = {
			isa = PBXGroup;
			children = (
				5BDB7ABF26D7BA8700F78B94 /* GIFsFeedViewController.swift */,
				5BDB7AC726D7C1E000F78B94 /* GIFsFeedViewController+SearchBarDelegate.swift */,
			);
			path = "GIFs Feed View Controller";
			sourceTree = "<group>";
		};
		5BDB7ABE26D7BA3D00F78B94 /* View Controllers */ = {
			isa = PBXGroup;
			children = (
				5BDB7ABD26D7BA1B00F78B94 /* GIFs Feed View Controller */,
				5BDB7AC926D7CDE600F78B94 /* Favourites GIFs View Controller */,
			);
			path = "View Controllers";
			sourceTree = "<group>";
		};
		5BDB7AC126D7BB3D00F78B94 /* Views */ = {
			isa = PBXGroup;
			children = (
				5BDB7AAF26D7A82600F78B94 /* Main.storyboard */,
				5BDB7AB426D7A82A00F78B94 /* LaunchScreen.storyboard */,
			);
			path = Views;
			sourceTree = "<group>";
		};
		5BDB7AC226D7BDB700F78B94 /* Extensions */ = {
			isa = PBXGroup;
			children = (
				5BDB7AC326D7BDCC00F78B94 /* UISearchBar+TextFieldColor.swift */,
				5BDB7AC526D7BE4300F78B94 /* UIColor+Theme.swift */,
			);
			path = Extensions;
			sourceTree = "<group>";
		};
		5BDB7AC926D7CDE600F78B94 /* Favourites GIFs View Controller */ = {
			isa = PBXGroup;
			children = (
				5BDB7ACA26D7CE7700F78B94 /* FavouritesGIFsViewController.swift */,
				5BDB7ACC26D7D18A00F78B94 /* FavouritesGIFsViewController+CollectionViewDataSource.swift */,
			);
			path = "Favourites GIFs View Controller";
			sourceTree = "<group>";
		};
/* End PBXGroup section */

/* Begin PBXNativeTarget section */
		5BDB7AA526D7A82600F78B94 /* iGiphy */ = {
			isa = PBXNativeTarget;
			buildConfigurationList = 5BDB7ABA26D7A82A00F78B94 /* Build configuration list for PBXNativeTarget "iGiphy" */;
			buildPhases = (
				5BDB7AA226D7A82600F78B94 /* Sources */,
				5BDB7AA326D7A82600F78B94 /* Frameworks */,
				5BDB7AA426D7A82600F78B94 /* Resources */,
			);
			buildRules = (
			);
			dependencies = (
			);
			name = iGiphy;
			productName = iGiphy;
			productReference = 5BDB7AA626D7A82600F78B94 /* iGiphy.app */;
			productType = "com.apple.product-type.application";
		};
/* End PBXNativeTarget section */

/* Begin PBXProject section */
		5BDB7A9E26D7A82600F78B94 /* Project object */ = {
			isa = PBXProject;
			attributes = {
				LastSwiftUpdateCheck = 1250;
				LastUpgradeCheck = 1250;
				TargetAttributes = {
					5BDB7AA526D7A82600F78B94 = {
						CreatedOnToolsVersion = 12.5.1;
					};
				};
			};
			buildConfigurationList = 5BDB7AA126D7A82600F78B94 /* Build configuration list for PBXProject "iGiphy" */;
			compatibilityVersion = "Xcode 9.3";
			developmentRegion = en;
			hasScannedForEncodings = 0;
			knownRegions = (
				en,
				Base,
			);
			mainGroup = 5BDB7A9D26D7A82600F78B94;
			productRefGroup = 5BDB7AA726D7A82600F78B94 /* Products */;
			projectDirPath = "";
			projectRoot = "";
			targets = (
				5BDB7AA526D7A82600F78B94 /* iGiphy */,
			);
		};
/* End PBXProject section */

/* Begin PBXResourcesBuildPhase section */
		5BDB7AA426D7A82600F78B94 /* Resources */ = {
			isa = PBXResourcesBuildPhase;
			buildActionMask = 2147483647;
			files = (
				5BDB7AB626D7A82A00F78B94 /* LaunchScreen.storyboard in Resources */,
				5BDB7AB326D7A82A00F78B94 /* Assets.xcassets in Resources */,
				5BDB7AB126D7A82600F78B94 /* Main.storyboard in Resources */,
			);
			runOnlyForDeploymentPostprocessing = 0;
		};
/* End PBXResourcesBuildPhase section */

/* Begin PBXSourcesBuildPhase section */
		5BDB7AA226D7A82600F78B94 /* Sources */ = {
			isa = PBXSourcesBuildPhase;
			buildActionMask = 2147483647;
			files = (
				5BDB7ACB26D7CE7700F78B94 /* FavouritesGIFsViewController.swift in Sources */,
				5BDB7AAA26D7A82600F78B94 /* AppDelegate.swift in Sources */,
				5BDB7AC826D7C1E000F78B94 /* GIFsFeedViewController+SearchBarDelegate.swift in Sources */,
				5BDB7AC626D7BE4300F78B94 /* UIColor+Theme.swift in Sources */,
				5BDB7AC026D7BA8700F78B94 /* GIFsFeedViewController.swift in Sources */,
				5BDB7AC426D7BDCC00F78B94 /* UISearchBar+TextFieldColor.swift in Sources */,
				5BDB7ACD26D7D18A00F78B94 /* FavouritesGIFsViewController+CollectionViewDataSource.swift in Sources */,
			);
			runOnlyForDeploymentPostprocessing = 0;
		};
/* End PBXSourcesBuildPhase section */

/* Begin PBXVariantGroup section */
		5BDB7AAF26D7A82600F78B94 /* Main.storyboard */ = {
			isa = PBXVariantGroup;
			children = (
				5BDB7AB026D7A82600F78B94 /* Base */,
			);
			name = Main.storyboard;
			sourceTree = "<group>";
		};
		5BDB7AB426D7A82A00F78B94 /* LaunchScreen.storyboard */ = {
			isa = PBXVariantGroup;
			children = (
				5BDB7AB526D7A82A00F78B94 /* Base */,
			);
			name = LaunchScreen.storyboard;
			sourceTree = "<group>";
		};
/* End PBXVariantGroup section */

/* Begin XCBuildConfiguration section */
		5BDB7AB826D7A82A00F78B94 /* Debug */ = {
			isa = XCBuildConfiguration;
			buildSettings = {
				ALWAYS_SEARCH_USER_PATHS = NO;
				CLANG_ANALYZER_NONNULL = YES;
				CLANG_ANALYZER_NUMBER_OBJECT_CONVERSION = YES_AGGRESSIVE;
				CLANG_CXX_LANGUAGE_STANDARD = "gnu++14";
				CLANG_CXX_LIBRARY = "libc++";
				CLANG_ENABLE_MODULES = YES;
				CLANG_ENABLE_OBJC_ARC = YES;
				CLANG_ENABLE_OBJC_WEAK = YES;
				CLANG_WARN_BLOCK_CAPTURE_AUTORELEASING = YES;
				CLANG_WARN_BOOL_CONVERSION = YES;
				CLANG_WARN_COMMA = YES;
				CLANG_WARN_CONSTANT_CONVERSION = YES;
				CLANG_WARN_DEPRECATED_OBJC_IMPLEMENTATIONS = YES;
				CLANG_WARN_DIRECT_OBJC_ISA_USAGE = YES_ERROR;
				CLANG_WARN_DOCUMENTATION_COMMENTS = YES;
				CLANG_WARN_EMPTY_BODY = YES;
				CLANG_WARN_ENUM_CONVERSION = YES;
				CLANG_WARN_INFINITE_RECURSION = YES;
				CLANG_WARN_INT_CONVERSION = YES;
				CLANG_WARN_NON_LITERAL_NULL_CONVERSION = YES;
				CLANG_WARN_OBJC_IMPLICIT_RETAIN_SELF = YES;
				CLANG_WARN_OBJC_LITERAL_CONVERSION = YES;
				CLANG_WARN_OBJC_ROOT_CLASS = YES_ERROR;
				CLANG_WARN_QUOTED_INCLUDE_IN_FRAMEWORK_HEADER = YES;
				CLANG_WARN_RANGE_LOOP_ANALYSIS = YES;
				CLANG_WARN_STRICT_PROTOTYPES = YES;
				CLANG_WARN_SUSPICIOUS_MOVE = YES;
				CLANG_WARN_UNGUARDED_AVAILABILITY = YES_AGGRESSIVE;
				CLANG_WARN_UNREACHABLE_CODE = YES;
				CLANG_WARN__DUPLICATE_METHOD_MATCH = YES;
				COPY_PHASE_STRIP = NO;
				DEBUG_INFORMATION_FORMAT = dwarf;
				ENABLE_STRICT_OBJC_MSGSEND = YES;
				ENABLE_TESTABILITY = YES;
				GCC_C_LANGUAGE_STANDARD = gnu11;
				GCC_DYNAMIC_NO_PIC = NO;
				GCC_NO_COMMON_BLOCKS = YES;
				GCC_OPTIMIZATION_LEVEL = 0;
				GCC_PREPROCESSOR_DEFINITIONS = (
					"DEBUG=1",
					"$(inherited)",
				);
				GCC_WARN_64_TO_32_BIT_CONVERSION = YES;
				GCC_WARN_ABOUT_RETURN_TYPE = YES_ERROR;
				GCC_WARN_UNDECLARED_SELECTOR = YES;
				GCC_WARN_UNINITIALIZED_AUTOS = YES_AGGRESSIVE;
				GCC_WARN_UNUSED_FUNCTION = YES;
				GCC_WARN_UNUSED_VARIABLE = YES;
				IPHONEOS_DEPLOYMENT_TARGET = 12.1;
				MTL_ENABLE_DEBUG_INFO = INCLUDE_SOURCE;
				MTL_FAST_MATH = YES;
				ONLY_ACTIVE_ARCH = YES;
				SDKROOT = iphoneos;
				SWIFT_ACTIVE_COMPILATION_CONDITIONS = DEBUG;
				SWIFT_OPTIMIZATION_LEVEL = "-Onone";
			};
			name = Debug;
		};
		5BDB7AB926D7A82A00F78B94 /* Release */ = {
			isa = XCBuildConfiguration;
			buildSettings = {
				ALWAYS_SEARCH_USER_PATHS = NO;
				CLANG_ANALYZER_NONNULL = YES;
				CLANG_ANALYZER_NUMBER_OBJECT_CONVERSION = YES_AGGRESSIVE;
				CLANG_CXX_LANGUAGE_STANDARD = "gnu++14";
				CLANG_CXX_LIBRARY = "libc++";
				CLANG_ENABLE_MODULES = YES;
				CLANG_ENABLE_OBJC_ARC = YES;
				CLANG_ENABLE_OBJC_WEAK = YES;
				CLANG_WARN_BLOCK_CAPTURE_AUTORELEASING = YES;
				CLANG_WARN_BOOL_CONVERSION = YES;
				CLANG_WARN_COMMA = YES;
				CLANG_WARN_CONSTANT_CONVERSION = YES;
				CLANG_WARN_DEPRECATED_OBJC_IMPLEMENTATIONS = YES;
				CLANG_WARN_DIRECT_OBJC_ISA_USAGE = YES_ERROR;
				CLANG_WARN_DOCUMENTATION_COMMENTS = YES;
				CLANG_WARN_EMPTY_BODY = YES;
				CLANG_WARN_ENUM_CONVERSION = YES;
				CLANG_WARN_INFINITE_RECURSION = YES;
				CLANG_WARN_INT_CONVERSION = YES;
				CLANG_WARN_NON_LITERAL_NULL_CONVERSION = YES;
				CLANG_WARN_OBJC_IMPLICIT_RETAIN_SELF = YES;
				CLANG_WARN_OBJC_LITERAL_CONVERSION = YES;
				CLANG_WARN_OBJC_ROOT_CLASS = YES_ERROR;
				CLANG_WARN_QUOTED_INCLUDE_IN_FRAMEWORK_HEADER = YES;
				CLANG_WARN_RANGE_LOOP_ANALYSIS = YES;
				CLANG_WARN_STRICT_PROTOTYPES = YES;
				CLANG_WARN_SUSPICIOUS_MOVE = YES;
				CLANG_WARN_UNGUARDED_AVAILABILITY = YES_AGGRESSIVE;
				CLANG_WARN_UNREACHABLE_CODE = YES;
				CLANG_WARN__DUPLICATE_METHOD_MATCH = YES;
				COPY_PHASE_STRIP = NO;
				DEBUG_INFORMATION_FORMAT = "dwarf-with-dsym";
				ENABLE_NS_ASSERTIONS = NO;
				ENABLE_STRICT_OBJC_MSGSEND = YES;
				GCC_C_LANGUAGE_STANDARD = gnu11;
				GCC_NO_COMMON_BLOCKS = YES;
				GCC_WARN_64_TO_32_BIT_CONVERSION = YES;
				GCC_WARN_ABOUT_RETURN_TYPE = YES_ERROR;
				GCC_WARN_UNDECLARED_SELECTOR = YES;
				GCC_WARN_UNINITIALIZED_AUTOS = YES_AGGRESSIVE;
				GCC_WARN_UNUSED_FUNCTION = YES;
				GCC_WARN_UNUSED_VARIABLE = YES;
				IPHONEOS_DEPLOYMENT_TARGET = 12.1;
				MTL_ENABLE_DEBUG_INFO = NO;
				MTL_FAST_MATH = YES;
				SDKROOT = iphoneos;
				SWIFT_COMPILATION_MODE = wholemodule;
				SWIFT_OPTIMIZATION_LEVEL = "-O";
				VALIDATE_PRODUCT = YES;
			};
			name = Release;
		};
		5BDB7ABB26D7A82A00F78B94 /* Debug */ = {
			isa = XCBuildConfiguration;
			buildSettings = {
				ASSETCATALOG_COMPILER_APPICON_NAME = AppIcon;
				ASSETCATALOG_COMPILER_GLOBAL_ACCENT_COLOR_NAME = AccentColor;
				CODE_SIGN_STYLE = Automatic;
				DEVELOPMENT_TEAM = F7RWFZ45WK;
				INFOPLIST_FILE = iGiphy/Info.plist;
				IPHONEOS_DEPLOYMENT_TARGET = 12.1;
				LD_RUNPATH_SEARCH_PATHS = (
					"$(inherited)",
					"@executable_path/Frameworks",
				);
				PRODUCT_BUNDLE_IDENTIFIER = com.fuzzix.iGiphy;
				PRODUCT_NAME = "$(TARGET_NAME)";
				SWIFT_VERSION = 5.0;
				TARGETED_DEVICE_FAMILY = "1,2";
			};
			name = Debug;
		};
		5BDB7ABC26D7A82A00F78B94 /* Release */ = {
			isa = XCBuildConfiguration;
			buildSettings = {
				ASSETCATALOG_COMPILER_APPICON_NAME = AppIcon;
				ASSETCATALOG_COMPILER_GLOBAL_ACCENT_COLOR_NAME = AccentColor;
				CODE_SIGN_STYLE = Automatic;
				DEVELOPMENT_TEAM = F7RWFZ45WK;
				INFOPLIST_FILE = iGiphy/Info.plist;
				IPHONEOS_DEPLOYMENT_TARGET = 12.1;
				LD_RUNPATH_SEARCH_PATHS = (
					"$(inherited)",
					"@executable_path/Frameworks",
				);
				PRODUCT_BUNDLE_IDENTIFIER = com.fuzzix.iGiphy;
				PRODUCT_NAME = "$(TARGET_NAME)";
				SWIFT_VERSION = 5.0;
				TARGETED_DEVICE_FAMILY = "1,2";
			};
			name = Release;
		};
/* End XCBuildConfiguration section */

/* Begin XCConfigurationList section */
		5BDB7AA126D7A82600F78B94 /* Build configuration list for PBXProject "iGiphy" */ = {
			isa = XCConfigurationList;
			buildConfigurations = (
				5BDB7AB826D7A82A00F78B94 /* Debug */,
				5BDB7AB926D7A82A00F78B94 /* Release */,
			);
			defaultConfigurationIsVisible = 0;
			defaultConfigurationName = Release;
		};
		5BDB7ABA26D7A82A00F78B94 /* Build configuration list for PBXNativeTarget "iGiphy" */ = {
			isa = XCConfigurationList;
			buildConfigurations = (
				5BDB7ABB26D7A82A00F78B94 /* Debug */,
				5BDB7ABC26D7A82A00F78B94 /* Release */,
			);
			defaultConfigurationIsVisible = 0;
			defaultConfigurationName = Release;
		};
/* End XCConfigurationList section */
	};
	rootObject = 5BDB7A9E26D7A82600F78B94 /* Project object */;
}
