// !$*UTF8*$!
{
	archiveVersion = 1;
	classes = {
	};
	objectVersion = 51;
	objects = {

/* Begin PBXBuildFile section */
		5B3FB87E26DCFEE7006EE06E /* FavouriteGIFsViewControllerLayout.swift in Sources */ = {isa = PBXBuildFile; fileRef = 5B3FB87D26DCFEE7006EE06E /* FavouriteGIFsViewControllerLayout.swift */; };
		5B3FB88326DD0384006EE06E /* GIFCollectionViewCell.swift in Sources */ = {isa = PBXBuildFile; fileRef = 5B3FB88126DD0384006EE06E /* GIFCollectionViewCell.swift */; };
		5BAA78B226DAB4AB00254D94 /* RepositoryProtocol.swift in Sources */ = {isa = PBXBuildFile; fileRef = 5BAA78B126DAB4AB00254D94 /* RepositoryProtocol.swift */; };
		5BAA78B426DAB61C00254D94 /* ServiceResourceProtocol.swift in Sources */ = {isa = PBXBuildFile; fileRef = 5BAA78B326DAB61C00254D94 /* ServiceResourceProtocol.swift */; };
		5BAA78B626DAC2B100254D94 /* ServiceEndpoint.swift in Sources */ = {isa = PBXBuildFile; fileRef = 5BAA78B526DAC2B100254D94 /* ServiceEndpoint.swift */; };
		5BAA78B826DADDC700254D94 /* GifsRepository.swift in Sources */ = {isa = PBXBuildFile; fileRef = 5BAA78B726DADDC700254D94 /* GifsRepository.swift */; };
		5BAA78BB26DAF49900254D94 /* GIFsFeedViewController+Delegate.swift in Sources */ = {isa = PBXBuildFile; fileRef = 5BAA78BA26DAF49900254D94 /* GIFsFeedViewController+Delegate.swift */; };
		5BAA78BD26DAF9EB00254D94 /* Pagination.swift in Sources */ = {isa = PBXBuildFile; fileRef = 5BAA78BC26DAF9EB00254D94 /* Pagination.swift */; };
		5BAA78BF26DBABAA00254D94 /* RepositoryError.swift in Sources */ = {isa = PBXBuildFile; fileRef = 5BAA78BE26DBABAA00254D94 /* RepositoryError.swift */; };
		5BAA78C226DBF2D300254D94 /* TrendingGIFsServiceResource.swift in Sources */ = {isa = PBXBuildFile; fileRef = 5BAA78C126DBF2D300254D94 /* TrendingGIFsServiceResource.swift */; };
		5BAA78C426DBF2F400254D94 /* SearchGIFsServiceResource.swift in Sources */ = {isa = PBXBuildFile; fileRef = 5BAA78C326DBF2F400254D94 /* SearchGIFsServiceResource.swift */; };
		5BAA78C626DBF4B900254D94 /* ResourceType.swift in Sources */ = {isa = PBXBuildFile; fileRef = 5BAA78C526DBF4B900254D94 /* ResourceType.swift */; };
		5BAA78C926DBFA7300254D94 /* DataStoreProtocol.swift in Sources */ = {isa = PBXBuildFile; fileRef = 5BAA78C826DBFA7300254D94 /* DataStoreProtocol.swift */; };
		5BAA78CB26DC0DAC00254D94 /* GIFsDataStore.swift in Sources */ = {isa = PBXBuildFile; fileRef = 5BAA78CA26DC0DAC00254D94 /* GIFsDataStore.swift */; };
		5BAA78CE26DC4AF400254D94 /* DataStoreGIF.swift in Sources */ = {isa = PBXBuildFile; fileRef = 5BAA78CD26DC4AF300254D94 /* DataStoreGIF.swift */; };
		5BD7C24326DD29D7006D00C2 /* FavouriteGIFListViewModel.swift in Sources */ = {isa = PBXBuildFile; fileRef = 5BD7C24226DD29D7006D00C2 /* FavouriteGIFListViewModel.swift */; };
		5BD7C24526DD2AC4006D00C2 /* FavouriteGIFListViewModeling.swift in Sources */ = {isa = PBXBuildFile; fileRef = 5BD7C24426DD2AC4006D00C2 /* FavouriteGIFListViewModeling.swift */; };
		5BD7C24726DD32D1006D00C2 /* GIFModel.swift in Sources */ = {isa = PBXBuildFile; fileRef = 5BD7C24626DD32D1006D00C2 /* GIFModel.swift */; };
		5BD7C24D26DE5D0D006D00C2 /* FullScreenGIFViewController.swift in Sources */ = {isa = PBXBuildFile; fileRef = 5BD7C24B26DE5D0D006D00C2 /* FullScreenGIFViewController.swift */; };
		5BD7C24E26DE5D0D006D00C2 /* FullScreenGIFViewController.xib in Resources */ = {isa = PBXBuildFile; fileRef = 5BD7C24C26DE5D0D006D00C2 /* FullScreenGIFViewController.xib */; };
		5BDB7AAA26D7A82600F78B94 /* AppDelegate.swift in Sources */ = {isa = PBXBuildFile; fileRef = 5BDB7AA926D7A82600F78B94 /* AppDelegate.swift */; };
		5BDB7AB126D7A82600F78B94 /* Main.storyboard in Resources */ = {isa = PBXBuildFile; fileRef = 5BDB7AAF26D7A82600F78B94 /* Main.storyboard */; };
		5BDB7AB326D7A82A00F78B94 /* Assets.xcassets in Resources */ = {isa = PBXBuildFile; fileRef = 5BDB7AB226D7A82A00F78B94 /* Assets.xcassets */; };
		5BDB7AB626D7A82A00F78B94 /* LaunchScreen.storyboard in Resources */ = {isa = PBXBuildFile; fileRef = 5BDB7AB426D7A82A00F78B94 /* LaunchScreen.storyboard */; };
		5BDB7AC026D7BA8700F78B94 /* GIFsFeedViewController.swift in Sources */ = {isa = PBXBuildFile; fileRef = 5BDB7ABF26D7BA8700F78B94 /* GIFsFeedViewController.swift */; };
		5BDB7AC426D7BDCC00F78B94 /* UISearchBar+TextFieldColor.swift in Sources */ = {isa = PBXBuildFile; fileRef = 5BDB7AC326D7BDCC00F78B94 /* UISearchBar+TextFieldColor.swift */; };
		5BDB7AC626D7BE4300F78B94 /* UIColor+Theme.swift in Sources */ = {isa = PBXBuildFile; fileRef = 5BDB7AC526D7BE4300F78B94 /* UIColor+Theme.swift */; };
		5BDB7AC826D7C1E000F78B94 /* GIFsFeedViewController+SearchBarDelegate.swift in Sources */ = {isa = PBXBuildFile; fileRef = 5BDB7AC726D7C1E000F78B94 /* GIFsFeedViewController+SearchBarDelegate.swift */; };
		5BDB7ACB26D7CE7700F78B94 /* FavouriteGIFsViewController.swift in Sources */ = {isa = PBXBuildFile; fileRef = 5BDB7ACA26D7CE7700F78B94 /* FavouriteGIFsViewController.swift */; };
		5BDB7AD026D7F14900F78B94 /* API.swift in Sources */ = {isa = PBXBuildFile; fileRef = 5BDB7ACF26D7F14900F78B94 /* API.swift */; };
		5BDB7AD626D82A3B00F78B94 /* ServiceProtocol.swift in Sources */ = {isa = PBXBuildFile; fileRef = 5BDB7AD526D82A3B00F78B94 /* ServiceProtocol.swift */; };
		5BDB7AD926D82BCA00F78B94 /* GifObject.swift in Sources */ = {isa = PBXBuildFile; fileRef = 5BDB7AD826D82BCA00F78B94 /* GifObject.swift */; };
		5BDB7ADB26D8324100F78B94 /* GIFsService.swift in Sources */ = {isa = PBXBuildFile; fileRef = 5BDB7ADA26D8324100F78B94 /* GIFsService.swift */; };
		5BDB7ADD26D8345000F78B94 /* GifsResponse.swift in Sources */ = {isa = PBXBuildFile; fileRef = 5BDB7ADC26D8345000F78B94 /* GifsResponse.swift */; };
		5BDB7ADF26D8352C00F78B94 /* GifImage.swift in Sources */ = {isa = PBXBuildFile; fileRef = 5BDB7ADE26D8352C00F78B94 /* GifImage.swift */; };
		5BDB7AE126D8397600F78B94 /* Gif.swift in Sources */ = {isa = PBXBuildFile; fileRef = 5BDB7AE026D8397600F78B94 /* Gif.swift */; };
		5BDB7AE426D83BAD00F78B94 /* GifViewModel.swift in Sources */ = {isa = PBXBuildFile; fileRef = 5BDB7AE326D83BAD00F78B94 /* GifViewModel.swift */; };
		5BDB7AE726D83E8800F78B94 /* GifListViewModel.swift in Sources */ = {isa = PBXBuildFile; fileRef = 5BDB7AE626D83E8800F78B94 /* GifListViewModel.swift */; };
		5BDB7AE926D841F400F78B94 /* Storyboard+IViewController.swift in Sources */ = {isa = PBXBuildFile; fileRef = 5BDB7AE826D841F400F78B94 /* Storyboard+IViewController.swift */; };
		5BDB7AEB26D84DDB00F78B94 /* GifListViewModeling.swift in Sources */ = {isa = PBXBuildFile; fileRef = 5BDB7AEA26D84DDB00F78B94 /* GifListViewModeling.swift */; };
		5BDB7AF326D97C0B00F78B94 /* GIFTableViewCell.swift in Sources */ = {isa = PBXBuildFile; fileRef = 5BDB7AF126D97C0B00F78B94 /* GIFTableViewCell.swift */; };
		5BDB7AF426D97C0B00F78B94 /* GIFTableViewCell.xib in Resources */ = {isa = PBXBuildFile; fileRef = 5BDB7AF226D97C0B00F78B94 /* GIFTableViewCell.xib */; };
		5BDB7AFA26D98AD900F78B94 /* ReusableViewIdentifiable.swift in Sources */ = {isa = PBXBuildFile; fileRef = 5BDB7AF926D98AD900F78B94 /* ReusableViewIdentifiable.swift */; };
		636DFF1DEEB132BE31C69C00 /* Pods_iGiphy.framework in Frameworks */ = {isa = PBXBuildFile; fileRef = F62F9E681A11C4490B9D9675 /* Pods_iGiphy.framework */; };
/* End PBXBuildFile section */

/* Begin PBXFileReference section */
		5B3FB87D26DCFEE7006EE06E /* FavouriteGIFsViewControllerLayout.swift */ = {isa = PBXFileReference; lastKnownFileType = sourcecode.swift; path = FavouriteGIFsViewControllerLayout.swift; sourceTree = "<group>"; };
		5B3FB88126DD0384006EE06E /* GIFCollectionViewCell.swift */ = {isa = PBXFileReference; lastKnownFileType = sourcecode.swift; path = GIFCollectionViewCell.swift; sourceTree = "<group>"; };
		5BAA78B126DAB4AB00254D94 /* RepositoryProtocol.swift */ = {isa = PBXFileReference; lastKnownFileType = sourcecode.swift; path = RepositoryProtocol.swift; sourceTree = "<group>"; };
		5BAA78B326DAB61C00254D94 /* ServiceResourceProtocol.swift */ = {isa = PBXFileReference; lastKnownFileType = sourcecode.swift; path = ServiceResourceProtocol.swift; sourceTree = "<group>"; };
		5BAA78B526DAC2B100254D94 /* ServiceEndpoint.swift */ = {isa = PBXFileReference; lastKnownFileType = sourcecode.swift; path = ServiceEndpoint.swift; sourceTree = "<group>"; };
		5BAA78B726DADDC700254D94 /* GifsRepository.swift */ = {isa = PBXFileReference; lastKnownFileType = sourcecode.swift; path = GifsRepository.swift; sourceTree = "<group>"; };
		5BAA78BA26DAF49900254D94 /* GIFsFeedViewController+Delegate.swift */ = {isa = PBXFileReference; lastKnownFileType = sourcecode.swift; path = "GIFsFeedViewController+Delegate.swift"; sourceTree = "<group>"; };
		5BAA78BC26DAF9EB00254D94 /* Pagination.swift */ = {isa = PBXFileReference; lastKnownFileType = sourcecode.swift; path = Pagination.swift; sourceTree = "<group>"; };
		5BAA78BE26DBABAA00254D94 /* RepositoryError.swift */ = {isa = PBXFileReference; lastKnownFileType = sourcecode.swift; path = RepositoryError.swift; sourceTree = "<group>"; };
		5BAA78C126DBF2D300254D94 /* TrendingGIFsServiceResource.swift */ = {isa = PBXFileReference; lastKnownFileType = sourcecode.swift; path = TrendingGIFsServiceResource.swift; sourceTree = "<group>"; };
		5BAA78C326DBF2F400254D94 /* SearchGIFsServiceResource.swift */ = {isa = PBXFileReference; lastKnownFileType = sourcecode.swift; path = SearchGIFsServiceResource.swift; sourceTree = "<group>"; };
		5BAA78C526DBF4B900254D94 /* ResourceType.swift */ = {isa = PBXFileReference; lastKnownFileType = sourcecode.swift; path = ResourceType.swift; sourceTree = "<group>"; };
		5BAA78C826DBFA7300254D94 /* DataStoreProtocol.swift */ = {isa = PBXFileReference; lastKnownFileType = sourcecode.swift; path = DataStoreProtocol.swift; sourceTree = "<group>"; };
		5BAA78CA26DC0DAC00254D94 /* GIFsDataStore.swift */ = {isa = PBXFileReference; lastKnownFileType = sourcecode.swift; path = GIFsDataStore.swift; sourceTree = "<group>"; };
		5BAA78CD26DC4AF300254D94 /* DataStoreGIF.swift */ = {isa = PBXFileReference; lastKnownFileType = sourcecode.swift; path = DataStoreGIF.swift; sourceTree = "<group>"; };
		5BD7C24226DD29D7006D00C2 /* FavouriteGIFListViewModel.swift */ = {isa = PBXFileReference; lastKnownFileType = sourcecode.swift; path = FavouriteGIFListViewModel.swift; sourceTree = "<group>"; };
		5BD7C24426DD2AC4006D00C2 /* FavouriteGIFListViewModeling.swift */ = {isa = PBXFileReference; lastKnownFileType = sourcecode.swift; path = FavouriteGIFListViewModeling.swift; sourceTree = "<group>"; };
		5BD7C24626DD32D1006D00C2 /* GIFModel.swift */ = {isa = PBXFileReference; lastKnownFileType = sourcecode.swift; path = GIFModel.swift; sourceTree = "<group>"; };
		5BD7C24B26DE5D0D006D00C2 /* FullScreenGIFViewController.swift */ = {isa = PBXFileReference; lastKnownFileType = sourcecode.swift; path = FullScreenGIFViewController.swift; sourceTree = "<group>"; };
		5BD7C24C26DE5D0D006D00C2 /* FullScreenGIFViewController.xib */ = {isa = PBXFileReference; lastKnownFileType = file.xib; path = FullScreenGIFViewController.xib; sourceTree = "<group>"; };
		5BDB7AA626D7A82600F78B94 /* iGiphy.app */ = {isa = PBXFileReference; explicitFileType = wrapper.application; includeInIndex = 0; path = iGiphy.app; sourceTree = BUILT_PRODUCTS_DIR; };
		5BDB7AA926D7A82600F78B94 /* AppDelegate.swift */ = {isa = PBXFileReference; lastKnownFileType = sourcecode.swift; path = AppDelegate.swift; sourceTree = "<group>"; };
		5BDB7AB026D7A82600F78B94 /* Base */ = {isa = PBXFileReference; lastKnownFileType = file.storyboard; name = Base; path = Base.lproj/Main.storyboard; sourceTree = "<group>"; };
		5BDB7AB226D7A82A00F78B94 /* Assets.xcassets */ = {isa = PBXFileReference; lastKnownFileType = folder.assetcatalog; path = Assets.xcassets; sourceTree = "<group>"; };
		5BDB7AB526D7A82A00F78B94 /* Base */ = {isa = PBXFileReference; lastKnownFileType = file.storyboard; name = Base; path = Base.lproj/LaunchScreen.storyboard; sourceTree = "<group>"; };
		5BDB7AB726D7A82A00F78B94 /* Info.plist */ = {isa = PBXFileReference; lastKnownFileType = text.plist.xml; path = Info.plist; sourceTree = "<group>"; };
		5BDB7ABF26D7BA8700F78B94 /* GIFsFeedViewController.swift */ = {isa = PBXFileReference; lastKnownFileType = sourcecode.swift; path = GIFsFeedViewController.swift; sourceTree = "<group>"; };
		5BDB7AC326D7BDCC00F78B94 /* UISearchBar+TextFieldColor.swift */ = {isa = PBXFileReference; fileEncoding = 4; lastKnownFileType = sourcecode.swift; path = "UISearchBar+TextFieldColor.swift"; sourceTree = "<group>"; };
		5BDB7AC526D7BE4300F78B94 /* UIColor+Theme.swift */ = {isa = PBXFileReference; fileEncoding = 4; lastKnownFileType = sourcecode.swift; path = "UIColor+Theme.swift"; sourceTree = "<group>"; };
		5BDB7AC726D7C1E000F78B94 /* GIFsFeedViewController+SearchBarDelegate.swift */ = {isa = PBXFileReference; lastKnownFileType = sourcecode.swift; path = "GIFsFeedViewController+SearchBarDelegate.swift"; sourceTree = "<group>"; };
		5BDB7ACA26D7CE7700F78B94 /* FavouriteGIFsViewController.swift */ = {isa = PBXFileReference; lastKnownFileType = sourcecode.swift; path = FavouriteGIFsViewController.swift; sourceTree = "<group>"; };
		5BDB7ACF26D7F14900F78B94 /* API.swift */ = {isa = PBXFileReference; lastKnownFileType = sourcecode.swift; path = API.swift; sourceTree = "<group>"; };
		5BDB7AD526D82A3B00F78B94 /* ServiceProtocol.swift */ = {isa = PBXFileReference; lastKnownFileType = sourcecode.swift; path = ServiceProtocol.swift; sourceTree = "<group>"; };
		5BDB7AD826D82BCA00F78B94 /* GifObject.swift */ = {isa = PBXFileReference; lastKnownFileType = sourcecode.swift; path = GifObject.swift; sourceTree = "<group>"; };
		5BDB7ADA26D8324100F78B94 /* GIFsService.swift */ = {isa = PBXFileReference; lastKnownFileType = sourcecode.swift; path = GIFsService.swift; sourceTree = "<group>"; };
		5BDB7ADC26D8345000F78B94 /* GifsResponse.swift */ = {isa = PBXFileReference; lastKnownFileType = sourcecode.swift; path = GifsResponse.swift; sourceTree = "<group>"; };
		5BDB7ADE26D8352C00F78B94 /* GifImage.swift */ = {isa = PBXFileReference; lastKnownFileType = sourcecode.swift; path = GifImage.swift; sourceTree = "<group>"; };
		5BDB7AE026D8397600F78B94 /* Gif.swift */ = {isa = PBXFileReference; lastKnownFileType = sourcecode.swift; path = Gif.swift; sourceTree = "<group>"; };
		5BDB7AE326D83BAD00F78B94 /* GifViewModel.swift */ = {isa = PBXFileReference; lastKnownFileType = sourcecode.swift; path = GifViewModel.swift; sourceTree = "<group>"; };
		5BDB7AE626D83E8800F78B94 /* GifListViewModel.swift */ = {isa = PBXFileReference; lastKnownFileType = sourcecode.swift; path = GifListViewModel.swift; sourceTree = "<group>"; };
		5BDB7AE826D841F400F78B94 /* Storyboard+IViewController.swift */ = {isa = PBXFileReference; lastKnownFileType = sourcecode.swift; path = "Storyboard+IViewController.swift"; sourceTree = "<group>"; };
		5BDB7AEA26D84DDB00F78B94 /* GifListViewModeling.swift */ = {isa = PBXFileReference; lastKnownFileType = sourcecode.swift; path = GifListViewModeling.swift; sourceTree = "<group>"; };
		5BDB7AF126D97C0B00F78B94 /* GIFTableViewCell.swift */ = {isa = PBXFileReference; lastKnownFileType = sourcecode.swift; path = GIFTableViewCell.swift; sourceTree = "<group>"; };
		5BDB7AF226D97C0B00F78B94 /* GIFTableViewCell.xib */ = {isa = PBXFileReference; lastKnownFileType = file.xib; path = GIFTableViewCell.xib; sourceTree = "<group>"; };
		5BDB7AF926D98AD900F78B94 /* ReusableViewIdentifiable.swift */ = {isa = PBXFileReference; fileEncoding = 4; lastKnownFileType = sourcecode.swift; path = ReusableViewIdentifiable.swift; sourceTree = "<group>"; };
		DB4C1C0FA5DBD4D22105CF35 /* Pods-iGiphy.release.xcconfig */ = {isa = PBXFileReference; includeInIndex = 1; lastKnownFileType = text.xcconfig; name = "Pods-iGiphy.release.xcconfig"; path = "Target Support Files/Pods-iGiphy/Pods-iGiphy.release.xcconfig"; sourceTree = "<group>"; };
		DD23EC0387D3DDE9B7FB633F /* Pods-iGiphy.debug.xcconfig */ = {isa = PBXFileReference; includeInIndex = 1; lastKnownFileType = text.xcconfig; name = "Pods-iGiphy.debug.xcconfig"; path = "Target Support Files/Pods-iGiphy/Pods-iGiphy.debug.xcconfig"; sourceTree = "<group>"; };
		F62F9E681A11C4490B9D9675 /* Pods_iGiphy.framework */ = {isa = PBXFileReference; explicitFileType = wrapper.framework; includeInIndex = 0; path = Pods_iGiphy.framework; sourceTree = BUILT_PRODUCTS_DIR; };
/* End PBXFileReference section */

/* Begin PBXFrameworksBuildPhase section */
		5BDB7AA326D7A82600F78B94 /* Frameworks */ = {
			isa = PBXFrameworksBuildPhase;
			buildActionMask = 2147483647;
			files = (
				636DFF1DEEB132BE31C69C00 /* Pods_iGiphy.framework in Frameworks */,
			);
			runOnlyForDeploymentPostprocessing = 0;
		};
/* End PBXFrameworksBuildPhase section */

/* Begin PBXGroup section */
		5109B51B370784E6A2F47C72 /* Pods */ = {
			isa = PBXGroup;
			children = (
				DD23EC0387D3DDE9B7FB633F /* Pods-iGiphy.debug.xcconfig */,
				DB4C1C0FA5DBD4D22105CF35 /* Pods-iGiphy.release.xcconfig */,
			);
			path = Pods;
			sourceTree = "<group>";
		};
		5B3FB87F26DD031D006EE06E /* GIF Table View Cell */ = {
			isa = PBXGroup;
			children = (
				5BDB7AF126D97C0B00F78B94 /* GIFTableViewCell.swift */,
				5BDB7AF226D97C0B00F78B94 /* GIFTableViewCell.xib */,
			);
			path = "GIF Table View Cell";
			sourceTree = "<group>";
		};
		5B3FB88026DD032C006EE06E /* GIF Collection View Cell */ = {
			isa = PBXGroup;
			children = (
				5B3FB88126DD0384006EE06E /* GIFCollectionViewCell.swift */,
			);
			path = "GIF Collection View Cell";
			sourceTree = "<group>";
		};
		5BAA78B026DAB42C00254D94 /* Gif Repository */ = {
			isa = PBXGroup;
			children = (
				5BAA78B126DAB4AB00254D94 /* RepositoryProtocol.swift */,
				5BAA78B726DADDC700254D94 /* GifsRepository.swift */,
				5BAA78BE26DBABAA00254D94 /* RepositoryError.swift */,
			);
			path = "Gif Repository";
			sourceTree = "<group>";
		};
		5BAA78B926DAEEF200254D94 /* Search View Model */ = {
			isa = PBXGroup;
			children = (
				5BDB7AE326D83BAD00F78B94 /* GifViewModel.swift */,
				5BDB7AE626D83E8800F78B94 /* GifListViewModel.swift */,
				5BDB7AEA26D84DDB00F78B94 /* GifListViewModeling.swift */,
			);
			path = "Search View Model";
			sourceTree = "<group>";
		};
		5BAA78C726DBF9F800254D94 /* Data Store */ = {
			isa = PBXGroup;
			children = (
				5BAA78CC26DC4AAE00254D94 /* Data Objects */,
				5BAA78C826DBFA7300254D94 /* DataStoreProtocol.swift */,
				5BAA78CA26DC0DAC00254D94 /* GIFsDataStore.swift */,
			);
			path = "Data Store";
			sourceTree = "<group>";
		};
		5BAA78CC26DC4AAE00254D94 /* Data Objects */ = {
			isa = PBXGroup;
			children = (
				5BAA78CD26DC4AF300254D94 /* DataStoreGIF.swift */,
			);
			path = "Data Objects";
			sourceTree = "<group>";
		};
		5BD7C24126DD297B006D00C2 /* Favourite GIFs View Model */ = {
			isa = PBXGroup;
			children = (
				5BD7C24226DD29D7006D00C2 /* FavouriteGIFListViewModel.swift */,
				5BD7C24426DD2AC4006D00C2 /* FavouriteGIFListViewModeling.swift */,
			);
			path = "Favourite GIFs View Model";
			sourceTree = "<group>";
		};
		5BD7C24826DE5C6B006D00C2 /* Full screen GIF */ = {
			isa = PBXGroup;
			children = (
				5BD7C24B26DE5D0D006D00C2 /* FullScreenGIFViewController.swift */,
				5BD7C24C26DE5D0D006D00C2 /* FullScreenGIFViewController.xib */,
			);
			path = "Full screen GIF";
			sourceTree = "<group>";
		};
		5BDB7A9D26D7A82600F78B94 = {
			isa = PBXGroup;
			children = (
				5BDB7AA826D7A82600F78B94 /* iGiphy */,
				5BDB7AA726D7A82600F78B94 /* Products */,
				5109B51B370784E6A2F47C72 /* Pods */,
				87645996CC80D07F74BD241B /* Frameworks */,
			);
			sourceTree = "<group>";
		};
		5BDB7AA726D7A82600F78B94 /* Products */ = {
			isa = PBXGroup;
			children = (
				5BDB7AA626D7A82600F78B94 /* iGiphy.app */,
			);
			name = Products;
			sourceTree = "<group>";
		};
		5BDB7AA826D7A82600F78B94 /* iGiphy */ = {
			isa = PBXGroup;
			children = (
				5BAA78B026DAB42C00254D94 /* Gif Repository */,
				5BDB7AD426D8294900F78B94 /* Services */,
				5BAA78C726DBF9F800254D94 /* Data Store */,
				5BDB7AE226D83B6200F78B94 /* View Models */,
				5BDB7AD726D82BAA00F78B94 /* Models */,
				5BDB7ACE26D7F12300F78B94 /* API */,
				5BDB7ABE26D7BA3D00F78B94 /* View Controllers */,
				5BDB7AC126D7BB3D00F78B94 /* Views */,
				5BDB7AC226D7BDB700F78B94 /* Extensions */,
				5BDB7AA926D7A82600F78B94 /* AppDelegate.swift */,
				5BDB7AB226D7A82A00F78B94 /* Assets.xcassets */,
				5BDB7AB726D7A82A00F78B94 /* Info.plist */,
			);
			path = iGiphy;
			sourceTree = "<group>";
		};
		5BDB7ABD26D7BA1B00F78B94 /* GIFs Feed View Controller */ = {
			isa = PBXGroup;
			children = (
				5BDB7ABF26D7BA8700F78B94 /* GIFsFeedViewController.swift */,
				5BDB7AC726D7C1E000F78B94 /* GIFsFeedViewController+SearchBarDelegate.swift */,
				5BAA78BA26DAF49900254D94 /* GIFsFeedViewController+Delegate.swift */,
			);
			path = "GIFs Feed View Controller";
			sourceTree = "<group>";
		};
		5BDB7ABE26D7BA3D00F78B94 /* View Controllers */ = {
			isa = PBXGroup;
			children = (
				5BD7C24826DE5C6B006D00C2 /* Full screen GIF */,
				5BDB7ABD26D7BA1B00F78B94 /* GIFs Feed View Controller */,
				5BDB7AC926D7CDE600F78B94 /* Favourite GIFs View Controller */,
			);
			path = "View Controllers";
			sourceTree = "<group>";
		};
		5BDB7AC126D7BB3D00F78B94 /* Views */ = {
			isa = PBXGroup;
			children = (
				5BDB7AF026D97B7100F78B94 /* Cells */,
				5BDB7AAF26D7A82600F78B94 /* Main.storyboard */,
				5BDB7AB426D7A82A00F78B94 /* LaunchScreen.storyboard */,
			);
			path = Views;
			sourceTree = "<group>";
		};
		5BDB7AC226D7BDB700F78B94 /* Extensions */ = {
			isa = PBXGroup;
			children = (
				5BDB7AC326D7BDCC00F78B94 /* UISearchBar+TextFieldColor.swift */,
				5BDB7AC526D7BE4300F78B94 /* UIColor+Theme.swift */,
				5BDB7AF926D98AD900F78B94 /* ReusableViewIdentifiable.swift */,
				5BDB7AE826D841F400F78B94 /* Storyboard+IViewController.swift */,
			);
			path = Extensions;
			sourceTree = "<group>";
		};
		5BDB7AC926D7CDE600F78B94 /* Favourite GIFs View Controller */ = {
			isa = PBXGroup;
			children = (
				5BDB7ACA26D7CE7700F78B94 /* FavouriteGIFsViewController.swift */,
				5B3FB87D26DCFEE7006EE06E /* FavouriteGIFsViewControllerLayout.swift */,
			);
			path = "Favourite GIFs View Controller";
			sourceTree = "<group>";
		};
		5BDB7ACE26D7F12300F78B94 /* API */ = {
			isa = PBXGroup;
			children = (
				5BDB7ACF26D7F14900F78B94 /* API.swift */,
				5BAA78B526DAC2B100254D94 /* ServiceEndpoint.swift */,
				5BAA78C526DBF4B900254D94 /* ResourceType.swift */,
			);
			path = API;
			sourceTree = "<group>";
		};
		5BDB7AD426D8294900F78B94 /* Services */ = {
			isa = PBXGroup;
			children = (
				5BDB7AD526D82A3B00F78B94 /* ServiceProtocol.swift */,
				5BDB7ADA26D8324100F78B94 /* GIFsService.swift */,
				5BAA78B326DAB61C00254D94 /* ServiceResourceProtocol.swift */,
				5BAA78C126DBF2D300254D94 /* TrendingGIFsServiceResource.swift */,
				5BAA78C326DBF2F400254D94 /* SearchGIFsServiceResource.swift */,
			);
			path = Services;
			sourceTree = "<group>";
		};
		5BDB7AD726D82BAA00F78B94 /* Models */ = {
			isa = PBXGroup;
			children = (
				5BDB7AD826D82BCA00F78B94 /* GifObject.swift */,
				5BDB7ADE26D8352C00F78B94 /* GifImage.swift */,
				5BDB7ADC26D8345000F78B94 /* GifsResponse.swift */,
				5BDB7AE026D8397600F78B94 /* Gif.swift */,
				5BAA78BC26DAF9EB00254D94 /* Pagination.swift */,
				5BD7C24626DD32D1006D00C2 /* GIFModel.swift */,
			);
			path = Models;
			sourceTree = "<group>";
		};
		5BDB7AE226D83B6200F78B94 /* View Models */ = {
			isa = PBXGroup;
			children = (
				5BAA78B926DAEEF200254D94 /* Search View Model */,
				5BD7C24126DD297B006D00C2 /* Favourite GIFs View Model */,
			);
			path = "View Models";
			sourceTree = "<group>";
		};
		5BDB7AF026D97B7100F78B94 /* Cells */ = {
			isa = PBXGroup;
			children = (
				5B3FB87F26DD031D006EE06E /* GIF Table View Cell */,
				5B3FB88026DD032C006EE06E /* GIF Collection View Cell */,
			);
			path = Cells;
			sourceTree = "<group>";
		};
		87645996CC80D07F74BD241B /* Frameworks */ = {
			isa = PBXGroup;
			children = (
				F62F9E681A11C4490B9D9675 /* Pods_iGiphy.framework */,
			);
			name = Frameworks;
			sourceTree = "<group>";
		};
/* End PBXGroup section */

/* Begin PBXNativeTarget section */
		5BDB7AA526D7A82600F78B94 /* iGiphy */ = {
			isa = PBXNativeTarget;
			buildConfigurationList = 5BDB7ABA26D7A82A00F78B94 /* Build configuration list for PBXNativeTarget "iGiphy" */;
			buildPhases = (
				F2D6404EAD69260B9401F309 /* [CP] Check Pods Manifest.lock */,
				5BDB7AA226D7A82600F78B94 /* Sources */,
				5BDB7AA326D7A82600F78B94 /* Frameworks */,
				5BDB7AA426D7A82600F78B94 /* Resources */,
				43C768C07C7236ADCA12115A /* [CP] Embed Pods Frameworks */,
			);
			buildRules = (
			);
			dependencies = (
			);
			name = iGiphy;
			productName = iGiphy;
			productReference = 5BDB7AA626D7A82600F78B94 /* iGiphy.app */;
			productType = "com.apple.product-type.application";
		};
/* End PBXNativeTarget section */

/* Begin PBXProject section */
		5BDB7A9E26D7A82600F78B94 /* Project object */ = {
			isa = PBXProject;
			attributes = {
				LastSwiftUpdateCheck = 1250;
				LastUpgradeCheck = 1250;
				TargetAttributes = {
					5BDB7AA526D7A82600F78B94 = {
						CreatedOnToolsVersion = 12.5.1;
					};
				};
			};
			buildConfigurationList = 5BDB7AA126D7A82600F78B94 /* Build configuration list for PBXProject "iGiphy" */;
			compatibilityVersion = "Xcode 9.3";
			developmentRegion = en;
			hasScannedForEncodings = 0;
			knownRegions = (
				en,
				Base,
			);
			mainGroup = 5BDB7A9D26D7A82600F78B94;
			productRefGroup = 5BDB7AA726D7A82600F78B94 /* Products */;
			projectDirPath = "";
			projectRoot = "";
			targets = (
				5BDB7AA526D7A82600F78B94 /* iGiphy */,
			);
		};
/* End PBXProject section */

/* Begin PBXResourcesBuildPhase section */
		5BDB7AA426D7A82600F78B94 /* Resources */ = {
			isa = PBXResourcesBuildPhase;
			buildActionMask = 2147483647;
			files = (
				5BDB7AB626D7A82A00F78B94 /* LaunchScreen.storyboard in Resources */,
				5BDB7AB326D7A82A00F78B94 /* Assets.xcassets in Resources */,
				5BD7C24E26DE5D0D006D00C2 /* FullScreenGIFViewController.xib in Resources */,
				5BDB7AF426D97C0B00F78B94 /* GIFTableViewCell.xib in Resources */,
				5BDB7AB126D7A82600F78B94 /* Main.storyboard in Resources */,
			);
			runOnlyForDeploymentPostprocessing = 0;
		};
/* End PBXResourcesBuildPhase section */

/* Begin PBXShellScriptBuildPhase section */
		43C768C07C7236ADCA12115A /* [CP] Embed Pods Frameworks */ = {
			isa = PBXShellScriptBuildPhase;
			buildActionMask = 2147483647;
			files = (
			);
			inputFileListPaths = (
				"${PODS_ROOT}/Target Support Files/Pods-iGiphy/Pods-iGiphy-frameworks-${CONFIGURATION}-input-files.xcfilelist",
			);
			name = "[CP] Embed Pods Frameworks";
			outputFileListPaths = (
				"${PODS_ROOT}/Target Support Files/Pods-iGiphy/Pods-iGiphy-frameworks-${CONFIGURATION}-output-files.xcfilelist",
			);
			runOnlyForDeploymentPostprocessing = 0;
			shellPath = /bin/sh;
			shellScript = "\"${PODS_ROOT}/Target Support Files/Pods-iGiphy/Pods-iGiphy-frameworks.sh\"\n";
			showEnvVarsInLog = 0;
		};
		F2D6404EAD69260B9401F309 /* [CP] Check Pods Manifest.lock */ = {
			isa = PBXShellScriptBuildPhase;
			buildActionMask = 2147483647;
			files = (
			);
			inputFileListPaths = (
			);
			inputPaths = (
				"${PODS_PODFILE_DIR_PATH}/Podfile.lock",
				"${PODS_ROOT}/Manifest.lock",
			);
			name = "[CP] Check Pods Manifest.lock";
			outputFileListPaths = (
			);
			outputPaths = (
				"$(DERIVED_FILE_DIR)/Pods-iGiphy-checkManifestLockResult.txt",
			);
			runOnlyForDeploymentPostprocessing = 0;
			shellPath = /bin/sh;
			shellScript = "diff \"${PODS_PODFILE_DIR_PATH}/Podfile.lock\" \"${PODS_ROOT}/Manifest.lock\" > /dev/null\nif [ $? != 0 ] ; then\n    # print error to STDERR\n    echo \"error: The sandbox is not in sync with the Podfile.lock. Run 'pod install' or update your CocoaPods installation.\" >&2\n    exit 1\nfi\n# This output is used by Xcode 'outputs' to avoid re-running this script phase.\necho \"SUCCESS\" > \"${SCRIPT_OUTPUT_FILE_0}\"\n";
			showEnvVarsInLog = 0;
		};
/* End PBXShellScriptBuildPhase section */

/* Begin PBXSourcesBuildPhase section */
		5BDB7AA226D7A82600F78B94 /* Sources */ = {
			isa = PBXSourcesBuildPhase;
			buildActionMask = 2147483647;
			files = (
				5BDB7ACB26D7CE7700F78B94 /* FavouriteGIFsViewController.swift in Sources */,
				5BDB7AAA26D7A82600F78B94 /* AppDelegate.swift in Sources */,
				5BDB7AC826D7C1E000F78B94 /* GIFsFeedViewController+SearchBarDelegate.swift in Sources */,
				5BAA78C226DBF2D300254D94 /* TrendingGIFsServiceResource.swift in Sources */,
				5BDB7AD626D82A3B00F78B94 /* ServiceProtocol.swift in Sources */,
				5BAA78C626DBF4B900254D94 /* ResourceType.swift in Sources */,
				5BD7C24526DD2AC4006D00C2 /* FavouriteGIFListViewModeling.swift in Sources */,
				5BDB7AD926D82BCA00F78B94 /* GifObject.swift in Sources */,
				5BDB7AC626D7BE4300F78B94 /* UIColor+Theme.swift in Sources */,
				5BDB7AC026D7BA8700F78B94 /* GIFsFeedViewController.swift in Sources */,
				5BDB7AEB26D84DDB00F78B94 /* GifListViewModeling.swift in Sources */,
				5BAA78B826DADDC700254D94 /* GifsRepository.swift in Sources */,
				5BDB7ADD26D8345000F78B94 /* GifsResponse.swift in Sources */,
				5BDB7ADB26D8324100F78B94 /* GIFsService.swift in Sources */,
				5BAA78B626DAC2B100254D94 /* ServiceEndpoint.swift in Sources */,
				5BAA78C926DBFA7300254D94 /* DataStoreProtocol.swift in Sources */,
				5BAA78B426DAB61C00254D94 /* ServiceResourceProtocol.swift in Sources */,
				5BDB7AC426D7BDCC00F78B94 /* UISearchBar+TextFieldColor.swift in Sources */,
				5BDB7ADF26D8352C00F78B94 /* GifImage.swift in Sources */,
				5B3FB88326DD0384006EE06E /* GIFCollectionViewCell.swift in Sources */,
				5BD7C24D26DE5D0D006D00C2 /* FullScreenGIFViewController.swift in Sources */,
				5BDB7AFA26D98AD900F78B94 /* ReusableViewIdentifiable.swift in Sources */,
				5BDB7AD026D7F14900F78B94 /* API.swift in Sources */,
				5BD7C24326DD29D7006D00C2 /* FavouriteGIFListViewModel.swift in Sources */,
				5BDB7AE926D841F400F78B94 /* Storyboard+IViewController.swift in Sources */,
				5BAA78BB26DAF49900254D94 /* GIFsFeedViewController+Delegate.swift in Sources */,
				5BDB7AE726D83E8800F78B94 /* GifListViewModel.swift in Sources */,
				5BDB7AE126D8397600F78B94 /* Gif.swift in Sources */,
				5BD7C24726DD32D1006D00C2 /* GIFModel.swift in Sources */,
				5BDB7AF326D97C0B00F78B94 /* GIFTableViewCell.swift in Sources */,
				5BAA78CE26DC4AF400254D94 /* DataStoreGIF.swift in Sources */,
				5B3FB87E26DCFEE7006EE06E /* FavouriteGIFsViewControllerLayout.swift in Sources */,
				5BAA78B226DAB4AB00254D94 /* RepositoryProtocol.swift in Sources */,
				5BAA78C426DBF2F400254D94 /* SearchGIFsServiceResource.swift in Sources */,
				5BDB7AE426D83BAD00F78B94 /* GifViewModel.swift in Sources */,
				5BAA78BD26DAF9EB00254D94 /* Pagination.swift in Sources */,
				5BAA78CB26DC0DAC00254D94 /* GIFsDataStore.swift in Sources */,
				5BAA78BF26DBABAA00254D94 /* RepositoryError.swift in Sources */,
			);
			runOnlyForDeploymentPostprocessing = 0;
		};
/* End PBXSourcesBuildPhase section */

/* Begin PBXVariantGroup section */
		5BDB7AAF26D7A82600F78B94 /* Main.storyboard */ = {
			isa = PBXVariantGroup;
			children = (
				5BDB7AB026D7A82600F78B94 /* Base */,
			);
			name = Main.storyboard;
			sourceTree = "<group>";
		};
		5BDB7AB426D7A82A00F78B94 /* LaunchScreen.storyboard */ = {
			isa = PBXVariantGroup;
			children = (
				5BDB7AB526D7A82A00F78B94 /* Base */,
			);
			name = LaunchScreen.storyboard;
			sourceTree = "<group>";
		};
/* End PBXVariantGroup section */

/* Begin XCBuildConfiguration section */
		5BDB7AB826D7A82A00F78B94 /* Debug */ = {
			isa = XCBuildConfiguration;
			buildSettings = {
				ALWAYS_SEARCH_USER_PATHS = NO;
				CLANG_ANALYZER_NONNULL = YES;
				CLANG_ANALYZER_NUMBER_OBJECT_CONVERSION = YES_AGGRESSIVE;
				CLANG_CXX_LANGUAGE_STANDARD = "gnu++14";
				CLANG_CXX_LIBRARY = "libc++";
				CLANG_ENABLE_MODULES = YES;
				CLANG_ENABLE_OBJC_ARC = YES;
				CLANG_ENABLE_OBJC_WEAK = YES;
				CLANG_WARN_BLOCK_CAPTURE_AUTORELEASING = YES;
				CLANG_WARN_BOOL_CONVERSION = YES;
				CLANG_WARN_COMMA = YES;
				CLANG_WARN_CONSTANT_CONVERSION = YES;
				CLANG_WARN_DEPRECATED_OBJC_IMPLEMENTATIONS = YES;
				CLANG_WARN_DIRECT_OBJC_ISA_USAGE = YES_ERROR;
				CLANG_WARN_DOCUMENTATION_COMMENTS = YES;
				CLANG_WARN_EMPTY_BODY = YES;
				CLANG_WARN_ENUM_CONVERSION = YES;
				CLANG_WARN_INFINITE_RECURSION = YES;
				CLANG_WARN_INT_CONVERSION = YES;
				CLANG_WARN_NON_LITERAL_NULL_CONVERSION = YES;
				CLANG_WARN_OBJC_IMPLICIT_RETAIN_SELF = YES;
				CLANG_WARN_OBJC_LITERAL_CONVERSION = YES;
				CLANG_WARN_OBJC_ROOT_CLASS = YES_ERROR;
				CLANG_WARN_QUOTED_INCLUDE_IN_FRAMEWORK_HEADER = YES;
				CLANG_WARN_RANGE_LOOP_ANALYSIS = YES;
				CLANG_WARN_STRICT_PROTOTYPES = YES;
				CLANG_WARN_SUSPICIOUS_MOVE = YES;
				CLANG_WARN_UNGUARDED_AVAILABILITY = YES_AGGRESSIVE;
				CLANG_WARN_UNREACHABLE_CODE = YES;
				CLANG_WARN__DUPLICATE_METHOD_MATCH = YES;
				COPY_PHASE_STRIP = NO;
				DEBUG_INFORMATION_FORMAT = dwarf;
				ENABLE_STRICT_OBJC_MSGSEND = YES;
				ENABLE_TESTABILITY = YES;
				GCC_C_LANGUAGE_STANDARD = gnu11;
				GCC_DYNAMIC_NO_PIC = NO;
				GCC_NO_COMMON_BLOCKS = YES;
				GCC_OPTIMIZATION_LEVEL = 0;
				GCC_PREPROCESSOR_DEFINITIONS = (
					"DEBUG=1",
					"$(inherited)",
				);
				GCC_WARN_64_TO_32_BIT_CONVERSION = YES;
				GCC_WARN_ABOUT_RETURN_TYPE = YES_ERROR;
				GCC_WARN_UNDECLARED_SELECTOR = YES;
				GCC_WARN_UNINITIALIZED_AUTOS = YES_AGGRESSIVE;
				GCC_WARN_UNUSED_FUNCTION = YES;
				GCC_WARN_UNUSED_VARIABLE = YES;
				IPHONEOS_DEPLOYMENT_TARGET = 13.0;
				MTL_ENABLE_DEBUG_INFO = INCLUDE_SOURCE;
				MTL_FAST_MATH = YES;
				ONLY_ACTIVE_ARCH = YES;
				SDKROOT = iphoneos;
				SWIFT_ACTIVE_COMPILATION_CONDITIONS = DEBUG;
				SWIFT_OPTIMIZATION_LEVEL = "-Onone";
			};
			name = Debug;
		};
		5BDB7AB926D7A82A00F78B94 /* Release */ = {
			isa = XCBuildConfiguration;
			buildSettings = {
				ALWAYS_SEARCH_USER_PATHS = NO;
				CLANG_ANALYZER_NONNULL = YES;
				CLANG_ANALYZER_NUMBER_OBJECT_CONVERSION = YES_AGGRESSIVE;
				CLANG_CXX_LANGUAGE_STANDARD = "gnu++14";
				CLANG_CXX_LIBRARY = "libc++";
				CLANG_ENABLE_MODULES = YES;
				CLANG_ENABLE_OBJC_ARC = YES;
				CLANG_ENABLE_OBJC_WEAK = YES;
				CLANG_WARN_BLOCK_CAPTURE_AUTORELEASING = YES;
				CLANG_WARN_BOOL_CONVERSION = YES;
				CLANG_WARN_COMMA = YES;
				CLANG_WARN_CONSTANT_CONVERSION = YES;
				CLANG_WARN_DEPRECATED_OBJC_IMPLEMENTATIONS = YES;
				CLANG_WARN_DIRECT_OBJC_ISA_USAGE = YES_ERROR;
				CLANG_WARN_DOCUMENTATION_COMMENTS = YES;
				CLANG_WARN_EMPTY_BODY = YES;
				CLANG_WARN_ENUM_CONVERSION = YES;
				CLANG_WARN_INFINITE_RECURSION = YES;
				CLANG_WARN_INT_CONVERSION = YES;
				CLANG_WARN_NON_LITERAL_NULL_CONVERSION = YES;
				CLANG_WARN_OBJC_IMPLICIT_RETAIN_SELF = YES;
				CLANG_WARN_OBJC_LITERAL_CONVERSION = YES;
				CLANG_WARN_OBJC_ROOT_CLASS = YES_ERROR;
				CLANG_WARN_QUOTED_INCLUDE_IN_FRAMEWORK_HEADER = YES;
				CLANG_WARN_RANGE_LOOP_ANALYSIS = YES;
				CLANG_WARN_STRICT_PROTOTYPES = YES;
				CLANG_WARN_SUSPICIOUS_MOVE = YES;
				CLANG_WARN_UNGUARDED_AVAILABILITY = YES_AGGRESSIVE;
				CLANG_WARN_UNREACHABLE_CODE = YES;
				CLANG_WARN__DUPLICATE_METHOD_MATCH = YES;
				COPY_PHASE_STRIP = NO;
				DEBUG_INFORMATION_FORMAT = "dwarf-with-dsym";
				ENABLE_NS_ASSERTIONS = NO;
				ENABLE_STRICT_OBJC_MSGSEND = YES;
				GCC_C_LANGUAGE_STANDARD = gnu11;
				GCC_NO_COMMON_BLOCKS = YES;
				GCC_WARN_64_TO_32_BIT_CONVERSION = YES;
				GCC_WARN_ABOUT_RETURN_TYPE = YES_ERROR;
				GCC_WARN_UNDECLARED_SELECTOR = YES;
				GCC_WARN_UNINITIALIZED_AUTOS = YES_AGGRESSIVE;
				GCC_WARN_UNUSED_FUNCTION = YES;
				GCC_WARN_UNUSED_VARIABLE = YES;
				IPHONEOS_DEPLOYMENT_TARGET = 13.0;
				MTL_ENABLE_DEBUG_INFO = NO;
				MTL_FAST_MATH = YES;
				SDKROOT = iphoneos;
				SWIFT_COMPILATION_MODE = wholemodule;
				SWIFT_OPTIMIZATION_LEVEL = "-O";
				VALIDATE_PRODUCT = YES;
			};
			name = Release;
		};
		5BDB7ABB26D7A82A00F78B94 /* Debug */ = {
			isa = XCBuildConfiguration;
			baseConfigurationReference = DD23EC0387D3DDE9B7FB633F /* Pods-iGiphy.debug.xcconfig */;
			buildSettings = {
				ASSETCATALOG_COMPILER_APPICON_NAME = AppIcon;
				ASSETCATALOG_COMPILER_GLOBAL_ACCENT_COLOR_NAME = AccentColor;
				CODE_SIGN_STYLE = Automatic;
				DEVELOPMENT_TEAM = F7RWFZ45WK;
				INFOPLIST_FILE = iGiphy/Info.plist;
				IPHONEOS_DEPLOYMENT_TARGET = 13.0;
				LD_RUNPATH_SEARCH_PATHS = (
					"$(inherited)",
					"@executable_path/Frameworks",
				);
				PRODUCT_BUNDLE_IDENTIFIER = com.fuzzix.iGiphy;
				PRODUCT_NAME = "$(TARGET_NAME)";
				SWIFT_VERSION = 5.0;
				TARGETED_DEVICE_FAMILY = "1,2";
			};
			name = Debug;
		};
		5BDB7ABC26D7A82A00F78B94 /* Release */ = {
			isa = XCBuildConfiguration;
			baseConfigurationReference = DB4C1C0FA5DBD4D22105CF35 /* Pods-iGiphy.release.xcconfig */;
			buildSettings = {
				ASSETCATALOG_COMPILER_APPICON_NAME = AppIcon;
				ASSETCATALOG_COMPILER_GLOBAL_ACCENT_COLOR_NAME = AccentColor;
				CODE_SIGN_STYLE = Automatic;
				DEVELOPMENT_TEAM = F7RWFZ45WK;
				INFOPLIST_FILE = iGiphy/Info.plist;
				IPHONEOS_DEPLOYMENT_TARGET = 13.0;
				LD_RUNPATH_SEARCH_PATHS = (
					"$(inherited)",
					"@executable_path/Frameworks",
				);
				PRODUCT_BUNDLE_IDENTIFIER = com.fuzzix.iGiphy;
				PRODUCT_NAME = "$(TARGET_NAME)";
				SWIFT_VERSION = 5.0;
				TARGETED_DEVICE_FAMILY = "1,2";
			};
			name = Release;
		};
/* End XCBuildConfiguration section */

/* Begin XCConfigurationList section */
		5BDB7AA126D7A82600F78B94 /* Build configuration list for PBXProject "iGiphy" */ = {
			isa = XCConfigurationList;
			buildConfigurations = (
				5BDB7AB826D7A82A00F78B94 /* Debug */,
				5BDB7AB926D7A82A00F78B94 /* Release */,
			);
			defaultConfigurationIsVisible = 0;
			defaultConfigurationName = Release;
		};
		5BDB7ABA26D7A82A00F78B94 /* Build configuration list for PBXNativeTarget "iGiphy" */ = {
			isa = XCConfigurationList;
			buildConfigurations = (
				5BDB7ABB26D7A82A00F78B94 /* Debug */,
				5BDB7ABC26D7A82A00F78B94 /* Release */,
			);
			defaultConfigurationIsVisible = 0;
			defaultConfigurationName = Release;
		};
/* End XCConfigurationList section */
	};
	rootObject = 5BDB7A9E26D7A82600F78B94 /* Project object */;
}
